github.com/pkg/errors v0.8.1 h1:iURUrRGxPUNPdy5/HRSm+Yj6okJ6UtLINN0Q9M4+h3I=
github.com/pkg/errors v0.8.1/go.mod h1:bwawxfHBFNV+L2hUp1rHADufV3IMtnDRdf1r5NINEl0=
github.com/pkg/term v0.0.0-20190109203006-aa71e9d9e942 h1:A7GG7zcGjl3jqAqGPmcNjd/D9hzL95SuoOQAaFNdLU0=
github.com/pkg/term v0.0.0-20190109203006-aa71e9d9e942/go.mod h1:eCbImbZ95eXtAUIbLAuAVnBnwf83mjf6QIVH8SHYwqQ=
